// !$*UTF8*$!
{
	archiveVersion = 1;
	classes = {
	};
	objectVersion = 46;
	objects = {

/* Begin PBXBuildFile section */
		39F5B86D16088A6730C6E27C /* Pods_desafio_iosTests.framework in Frameworks */ = {isa = PBXBuildFile; fileRef = 3933BD0418332267C68828EC /* Pods_desafio_iosTests.framework */; };
		53365162477FE269B2AFAA4B /* Pods_desafio_ios.framework in Frameworks */ = {isa = PBXBuildFile; fileRef = E03FE51F5EFC11DB31910CC4 /* Pods_desafio_ios.framework */; };
		75790F211E607C420064C575 /* AppDelegate.swift in Sources */ = {isa = PBXBuildFile; fileRef = 75790F201E607C420064C575 /* AppDelegate.swift */; };
		75790F231E607C420064C575 /* RepositoriesViewController.swift in Sources */ = {isa = PBXBuildFile; fileRef = 75790F221E607C420064C575 /* RepositoriesViewController.swift */; };
		75790F261E607C420064C575 /* Main.storyboard in Resources */ = {isa = PBXBuildFile; fileRef = 75790F241E607C420064C575 /* Main.storyboard */; };
		75790F281E607C420064C575 /* Assets.xcassets in Resources */ = {isa = PBXBuildFile; fileRef = 75790F271E607C420064C575 /* Assets.xcassets */; };
		75790F2B1E607C420064C575 /* LaunchScreen.storyboard in Resources */ = {isa = PBXBuildFile; fileRef = 75790F291E607C420064C575 /* LaunchScreen.storyboard */; };
		75790F361E607C420064C575 /* desafio_iosTests.swift in Sources */ = {isa = PBXBuildFile; fileRef = 75790F351E607C420064C575 /* desafio_iosTests.swift */; };
		75790F411E607C420064C575 /* desafio_iosUITests.swift in Sources */ = {isa = PBXBuildFile; fileRef = 75790F401E607C420064C575 /* desafio_iosUITests.swift */; };
		75790F561E60A3CE0064C575 /* RepositoryTableViewCell.swift in Sources */ = {isa = PBXBuildFile; fileRef = 75790F541E60A3CE0064C575 /* RepositoryTableViewCell.swift */; };
		75790F571E60A3CE0064C575 /* RepositoryTableViewCell.xib in Resources */ = {isa = PBXBuildFile; fileRef = 75790F551E60A3CE0064C575 /* RepositoryTableViewCell.xib */; };
		75790F5E1E60C06B0064C575 /* PullRequestViewController.swift in Sources */ = {isa = PBXBuildFile; fileRef = 75790F5D1E60C06B0064C575 /* PullRequestViewController.swift */; };
		75790F611E60CB0C0064C575 /* PullRequestTableViewCell.swift in Sources */ = {isa = PBXBuildFile; fileRef = 75790F5F1E60CB0C0064C575 /* PullRequestTableViewCell.swift */; };
		75790F621E60CB0C0064C575 /* PullRequestTableViewCell.xib in Resources */ = {isa = PBXBuildFile; fileRef = 75790F601E60CB0C0064C575 /* PullRequestTableViewCell.xib */; };
		75790F681E60DFDD0064C575 /* NSMutableAttributedString.swift in Sources */ = {isa = PBXBuildFile; fileRef = 75790F671E60DFDD0064C575 /* NSMutableAttributedString.swift */; };
		75790F6A1E60EA140064C575 /* UIColor.swift in Sources */ = {isa = PBXBuildFile; fileRef = 75790F691E60EA140064C575 /* UIColor.swift */; };
		94F69EF750743E79C8AF1BDC /* Pods_desafio_iosUITests.framework in Frameworks */ = {isa = PBXBuildFile; fileRef = 6B719CB68A169F3ED0D0A22F /* Pods_desafio_iosUITests.framework */; };
		D51F12241F29869300516598 /* WebViewController.swift in Sources */ = {isa = PBXBuildFile; fileRef = D51F12231F29869300516598 /* WebViewController.swift */; };
		D51F361A1F26E33700E7EFB4 /* UserDefaultsManager.swift in Sources */ = {isa = PBXBuildFile; fileRef = D51F36191F26E33700E7EFB4 /* UserDefaultsManager.swift */; };
		D52D508D1F2676F100C5DD17 /* ProgrammingLanguages.swift in Sources */ = {isa = PBXBuildFile; fileRef = D52D508C1F2676F100C5DD17 /* ProgrammingLanguages.swift */; };
		D52D508E1F26781200C5DD17 /* ProgrammingLanguages.swift in Sources */ = {isa = PBXBuildFile; fileRef = D52D508C1F2676F100C5DD17 /* ProgrammingLanguages.swift */; };
		D55063031E643DEE0095981F /* UIImageView.swift in Sources */ = {isa = PBXBuildFile; fileRef = D55063021E643DEE0095981F /* UIImageView.swift */; };
		D552F94C1E6371BB0090AA05 /* HTTPClient.swift in Sources */ = {isa = PBXBuildFile; fileRef = D552F94B1E6371BB0090AA05 /* HTTPClient.swift */; };
		D552F94E1E6375270090AA05 /* JSONSerializer.swift in Sources */ = {isa = PBXBuildFile; fileRef = D552F94D1E6375270090AA05 /* JSONSerializer.swift */; };
		D56BE7331F263935009D716F /* Interface.storyboard in Resources */ = {isa = PBXBuildFile; fileRef = D56BE7311F263935009D716F /* Interface.storyboard */; };
		D56BE7351F263935009D716F /* Assets.xcassets in Resources */ = {isa = PBXBuildFile; fileRef = D56BE7341F263935009D716F /* Assets.xcassets */; };
		D56BE73C1F263935009D716F /* desafio-ios-watch Extension.appex in Embed App Extensions */ = {isa = PBXBuildFile; fileRef = D56BE73B1F263935009D716F /* desafio-ios-watch Extension.appex */; settings = {ATTRIBUTES = (RemoveHeadersOnCopy, ); }; };
		D56BE7411F263935009D716F /* InterfaceController.swift in Sources */ = {isa = PBXBuildFile; fileRef = D56BE7401F263935009D716F /* InterfaceController.swift */; };
		D56BE7431F263935009D716F /* ExtensionDelegate.swift in Sources */ = {isa = PBXBuildFile; fileRef = D56BE7421F263935009D716F /* ExtensionDelegate.swift */; };
		D56BE7451F263935009D716F /* ComplicationController.swift in Sources */ = {isa = PBXBuildFile; fileRef = D56BE7441F263935009D716F /* ComplicationController.swift */; };
		D56BE7471F263935009D716F /* Assets.xcassets in Resources */ = {isa = PBXBuildFile; fileRef = D56BE7461F263935009D716F /* Assets.xcassets */; };
		D56BE74B1F263935009D716F /* desafio-ios-watch.app in Embed Watch Content */ = {isa = PBXBuildFile; fileRef = D56BE72F1F263934009D716F /* desafio-ios-watch.app */; };
		D56BE7551F264099009D716F /* LanguageRowType.swift in Sources */ = {isa = PBXBuildFile; fileRef = D56BE7541F264099009D716F /* LanguageRowType.swift */; };
		D597D9E81E62862100104151 /* Reachability.swift in Sources */ = {isa = PBXBuildFile; fileRef = D597D9E71E62862100104151 /* Reachability.swift */; };
		D598F8E11E61086A0058204A /* UINavigationController.swift in Sources */ = {isa = PBXBuildFile; fileRef = D598F8E01E61086A0058204A /* UINavigationController.swift */; };
		D598F8E71E6116E70058204A /* UIBarButtonItem.swift in Sources */ = {isa = PBXBuildFile; fileRef = D598F8E61E6116E70058204A /* UIBarButtonItem.swift */; };
		D598F8E91E6133EB0058204A /* CustomHamburguerItem.swift in Sources */ = {isa = PBXBuildFile; fileRef = D598F8E81E6133EA0058204A /* CustomHamburguerItem.swift */; };
		D598F8F41E613F020058204A /* Date.swift in Sources */ = {isa = PBXBuildFile; fileRef = D598F8F31E613F020058204A /* Date.swift */; };
		D5AD25411E6377B2007A0B42 /* RepositoryHTTPClient.swift in Sources */ = {isa = PBXBuildFile; fileRef = D5AD25401E6377B2007A0B42 /* RepositoryHTTPClient.swift */; };
		D5AD25431E63798C007A0B42 /* Bundle.swift in Sources */ = {isa = PBXBuildFile; fileRef = D5AD25421E63798C007A0B42 /* Bundle.swift */; };
		D5AD25451E637A2D007A0B42 /* Localizable.strings in Resources */ = {isa = PBXBuildFile; fileRef = D5AD25441E637A2D007A0B42 /* Localizable.strings */; };
		D5AD25471E637CFE007A0B42 /* RepositoryDecode.swift in Sources */ = {isa = PBXBuildFile; fileRef = D5AD25461E637CFE007A0B42 /* RepositoryDecode.swift */; };
		D5AD254A1E637DFB007A0B42 /* PullRequest.swift in Sources */ = {isa = PBXBuildFile; fileRef = D5AD25491E637DFB007A0B42 /* PullRequest.swift */; };
		D5AD254C1E637EA9007A0B42 /* PullRequestHTTPClient.swift in Sources */ = {isa = PBXBuildFile; fileRef = D5AD254B1E637EA9007A0B42 /* PullRequestHTTPClient.swift */; };
		D5AD254E1E637F2A007A0B42 /* PullRequestDecode.swift in Sources */ = {isa = PBXBuildFile; fileRef = D5AD254D1E637F2A007A0B42 /* PullRequestDecode.swift */; };
		D5AD25501E63A99D007A0B42 /* Alert.swift in Sources */ = {isa = PBXBuildFile; fileRef = D5AD254F1E63A99D007A0B42 /* Alert.swift */; };
		D5B772F61E627BDB009DF188 /* Repository.swift in Sources */ = {isa = PBXBuildFile; fileRef = D5B772F51E627BDB009DF188 /* Repository.swift */; };
		D5EEA6371F28C50C00804403 /* InfoInterfaceController.swift in Sources */ = {isa = PBXBuildFile; fileRef = D5EEA6361F28C50C00804403 /* InfoInterfaceController.swift */; };
		D5EEA63A1F28C61800804403 /* WKInterfaceImage.swift in Sources */ = {isa = PBXBuildFile; fileRef = D5EEA6391F28C61800804403 /* WKInterfaceImage.swift */; };
		D5EEA63C1F28C64200804403 /* WKinterfaceGroup.swift in Sources */ = {isa = PBXBuildFile; fileRef = D5EEA63B1F28C64200804403 /* WKinterfaceGroup.swift */; };
		D5EEA63F1F28D6EB00804403 /* RepositoriesUpdateManager.swift in Sources */ = {isa = PBXBuildFile; fileRef = D5EEA63E1F28D6EB00804403 /* RepositoriesUpdateManager.swift */; };
/* End PBXBuildFile section */

/* Begin PBXContainerItemProxy section */
		75790F321E607C420064C575 /* PBXContainerItemProxy */ = {
			isa = PBXContainerItemProxy;
			containerPortal = 75790F151E607C420064C575 /* Project object */;
			proxyType = 1;
			remoteGlobalIDString = 75790F1C1E607C420064C575;
			remoteInfo = "desafio-ios";
		};
		75790F3D1E607C420064C575 /* PBXContainerItemProxy */ = {
			isa = PBXContainerItemProxy;
			containerPortal = 75790F151E607C420064C575 /* Project object */;
			proxyType = 1;
			remoteGlobalIDString = 75790F1C1E607C420064C575;
			remoteInfo = "desafio-ios";
		};
		D56BE73D1F263935009D716F /* PBXContainerItemProxy */ = {
			isa = PBXContainerItemProxy;
			containerPortal = 75790F151E607C420064C575 /* Project object */;
			proxyType = 1;
			remoteGlobalIDString = D56BE73A1F263935009D716F;
			remoteInfo = "desafio-ios-watch Extension";
		};
		D56BE7491F263935009D716F /* PBXContainerItemProxy */ = {
			isa = PBXContainerItemProxy;
			containerPortal = 75790F151E607C420064C575 /* Project object */;
			proxyType = 1;
			remoteGlobalIDString = D56BE72E1F263934009D716F;
			remoteInfo = "desafio-ios-watch";
		};
/* End PBXContainerItemProxy section */

/* Begin PBXCopyFilesBuildPhase section */
		D56BE7511F263935009D716F /* Embed App Extensions */ = {
			isa = PBXCopyFilesBuildPhase;
			buildActionMask = 2147483647;
			dstPath = "";
			dstSubfolderSpec = 13;
			files = (
				D56BE73C1F263935009D716F /* desafio-ios-watch Extension.appex in Embed App Extensions */,
			);
			name = "Embed App Extensions";
			runOnlyForDeploymentPostprocessing = 0;
		};
		D56BE7531F263935009D716F /* Embed Watch Content */ = {
			isa = PBXCopyFilesBuildPhase;
			buildActionMask = 2147483647;
			dstPath = "$(CONTENTS_FOLDER_PATH)/Watch";
			dstSubfolderSpec = 16;
			files = (
				D56BE74B1F263935009D716F /* desafio-ios-watch.app in Embed Watch Content */,
			);
			name = "Embed Watch Content";
			runOnlyForDeploymentPostprocessing = 0;
		};
/* End PBXCopyFilesBuildPhase section */

/* Begin PBXFileReference section */
		230992F46B5CBEA15D08B4E9 /* Pods_desafio_ios_watch.framework */ = {isa = PBXFileReference; explicitFileType = wrapper.framework; includeInIndex = 0; path = Pods_desafio_ios_watch.framework; sourceTree = BUILT_PRODUCTS_DIR; };
		36004FF87885B98FF137458B /* Pods-desafio-iosUITests.debug.xcconfig */ = {isa = PBXFileReference; includeInIndex = 1; lastKnownFileType = text.xcconfig; name = "Pods-desafio-iosUITests.debug.xcconfig"; path = "Pods/Target Support Files/Pods-desafio-iosUITests/Pods-desafio-iosUITests.debug.xcconfig"; sourceTree = "<group>"; };
		364DDB4772EF51496751797E /* Pods-desafio-ios.debug.xcconfig */ = {isa = PBXFileReference; includeInIndex = 1; lastKnownFileType = text.xcconfig; name = "Pods-desafio-ios.debug.xcconfig"; path = "Pods/Target Support Files/Pods-desafio-ios/Pods-desafio-ios.debug.xcconfig"; sourceTree = "<group>"; };
		3933BD0418332267C68828EC /* Pods_desafio_iosTests.framework */ = {isa = PBXFileReference; explicitFileType = wrapper.framework; includeInIndex = 0; path = Pods_desafio_iosTests.framework; sourceTree = BUILT_PRODUCTS_DIR; };
		3AA344D6586A5AAE4A873EF1 /* Pods-desafio-iosUITests.release.xcconfig */ = {isa = PBXFileReference; includeInIndex = 1; lastKnownFileType = text.xcconfig; name = "Pods-desafio-iosUITests.release.xcconfig"; path = "Pods/Target Support Files/Pods-desafio-iosUITests/Pods-desafio-iosUITests.release.xcconfig"; sourceTree = "<group>"; };
		6B719CB68A169F3ED0D0A22F /* Pods_desafio_iosUITests.framework */ = {isa = PBXFileReference; explicitFileType = wrapper.framework; includeInIndex = 0; path = Pods_desafio_iosUITests.framework; sourceTree = BUILT_PRODUCTS_DIR; };
		75790F1D1E607C420064C575 /* desafio-ios.app */ = {isa = PBXFileReference; explicitFileType = wrapper.application; includeInIndex = 0; path = "desafio-ios.app"; sourceTree = BUILT_PRODUCTS_DIR; };
		75790F201E607C420064C575 /* AppDelegate.swift */ = {isa = PBXFileReference; lastKnownFileType = sourcecode.swift; path = AppDelegate.swift; sourceTree = "<group>"; };
		75790F221E607C420064C575 /* RepositoriesViewController.swift */ = {isa = PBXFileReference; lastKnownFileType = sourcecode.swift; name = RepositoriesViewController.swift; path = repositories/controllers/RepositoriesViewController.swift; sourceTree = "<group>"; };
		75790F251E607C420064C575 /* Base */ = {isa = PBXFileReference; lastKnownFileType = file.storyboard; name = Base; path = Base.lproj/Main.storyboard; sourceTree = "<group>"; };
		75790F271E607C420064C575 /* Assets.xcassets */ = {isa = PBXFileReference; lastKnownFileType = folder.assetcatalog; path = Assets.xcassets; sourceTree = "<group>"; };
		75790F2A1E607C420064C575 /* Base */ = {isa = PBXFileReference; lastKnownFileType = file.storyboard; name = Base; path = Base.lproj/LaunchScreen.storyboard; sourceTree = "<group>"; };
		75790F2C1E607C420064C575 /* Info.plist */ = {isa = PBXFileReference; lastKnownFileType = text.plist.xml; path = Info.plist; sourceTree = "<group>"; };
		75790F311E607C420064C575 /* desafio-iosTests.xctest */ = {isa = PBXFileReference; explicitFileType = wrapper.cfbundle; includeInIndex = 0; path = "desafio-iosTests.xctest"; sourceTree = BUILT_PRODUCTS_DIR; };
		75790F351E607C420064C575 /* desafio_iosTests.swift */ = {isa = PBXFileReference; lastKnownFileType = sourcecode.swift; path = desafio_iosTests.swift; sourceTree = "<group>"; };
		75790F371E607C420064C575 /* Info.plist */ = {isa = PBXFileReference; lastKnownFileType = text.plist.xml; path = Info.plist; sourceTree = "<group>"; };
		75790F3C1E607C420064C575 /* desafio-iosUITests.xctest */ = {isa = PBXFileReference; explicitFileType = wrapper.cfbundle; includeInIndex = 0; path = "desafio-iosUITests.xctest"; sourceTree = BUILT_PRODUCTS_DIR; };
		75790F401E607C420064C575 /* desafio_iosUITests.swift */ = {isa = PBXFileReference; lastKnownFileType = sourcecode.swift; path = desafio_iosUITests.swift; sourceTree = "<group>"; };
		75790F421E607C420064C575 /* Info.plist */ = {isa = PBXFileReference; lastKnownFileType = text.plist.xml; path = Info.plist; sourceTree = "<group>"; };
		75790F541E60A3CE0064C575 /* RepositoryTableViewCell.swift */ = {isa = PBXFileReference; fileEncoding = 4; lastKnownFileType = sourcecode.swift; name = RepositoryTableViewCell.swift; path = repositories/views/RepositoryTableViewCell.swift; sourceTree = "<group>"; };
		75790F551E60A3CE0064C575 /* RepositoryTableViewCell.xib */ = {isa = PBXFileReference; fileEncoding = 4; lastKnownFileType = file.xib; name = RepositoryTableViewCell.xib; path = repositories/views/RepositoryTableViewCell.xib; sourceTree = "<group>"; };
		75790F5D1E60C06B0064C575 /* PullRequestViewController.swift */ = {isa = PBXFileReference; fileEncoding = 4; lastKnownFileType = sourcecode.swift; name = PullRequestViewController.swift; path = pullRequest/controllers/PullRequestViewController.swift; sourceTree = "<group>"; };
		75790F5F1E60CB0C0064C575 /* PullRequestTableViewCell.swift */ = {isa = PBXFileReference; fileEncoding = 4; lastKnownFileType = sourcecode.swift; name = PullRequestTableViewCell.swift; path = pullRequest/views/PullRequestTableViewCell.swift; sourceTree = "<group>"; };
		75790F601E60CB0C0064C575 /* PullRequestTableViewCell.xib */ = {isa = PBXFileReference; fileEncoding = 4; lastKnownFileType = file.xib; name = PullRequestTableViewCell.xib; path = pullRequest/views/PullRequestTableViewCell.xib; sourceTree = "<group>"; };
		75790F671E60DFDD0064C575 /* NSMutableAttributedString.swift */ = {isa = PBXFileReference; fileEncoding = 4; lastKnownFileType = sourcecode.swift; name = NSMutableAttributedString.swift; path = global/extensions/NSMutableAttributedString.swift; sourceTree = "<group>"; };
		75790F691E60EA140064C575 /* UIColor.swift */ = {isa = PBXFileReference; fileEncoding = 4; lastKnownFileType = sourcecode.swift; name = UIColor.swift; path = global/extensions/UIColor.swift; sourceTree = "<group>"; };
		8752F1308229668B079F7748 /* Pods-desafio-iosTests.release.xcconfig */ = {isa = PBXFileReference; includeInIndex = 1; lastKnownFileType = text.xcconfig; name = "Pods-desafio-iosTests.release.xcconfig"; path = "Pods/Target Support Files/Pods-desafio-iosTests/Pods-desafio-iosTests.release.xcconfig"; sourceTree = "<group>"; };
		9BBB29F1940B951F4817FD77 /* Pods-desafio-iosTests.debug.xcconfig */ = {isa = PBXFileReference; includeInIndex = 1; lastKnownFileType = text.xcconfig; name = "Pods-desafio-iosTests.debug.xcconfig"; path = "Pods/Target Support Files/Pods-desafio-iosTests/Pods-desafio-iosTests.debug.xcconfig"; sourceTree = "<group>"; };
		CD9A6B9F2B52F961FE61C8E3 /* Pods-desafio-ios.release.xcconfig */ = {isa = PBXFileReference; includeInIndex = 1; lastKnownFileType = text.xcconfig; name = "Pods-desafio-ios.release.xcconfig"; path = "Pods/Target Support Files/Pods-desafio-ios/Pods-desafio-ios.release.xcconfig"; sourceTree = "<group>"; };
		D51F12231F29869300516598 /* WebViewController.swift */ = {isa = PBXFileReference; fileEncoding = 4; lastKnownFileType = sourcecode.swift; name = WebViewController.swift; path = global/controllers/WebViewController.swift; sourceTree = "<group>"; };
		D51F36191F26E33700E7EFB4 /* UserDefaultsManager.swift */ = {isa = PBXFileReference; fileEncoding = 4; lastKnownFileType = sourcecode.swift; name = UserDefaultsManager.swift; path = global/managers/UserDefaultsManager.swift; sourceTree = "<group>"; };
		D52D508C1F2676F100C5DD17 /* ProgrammingLanguages.swift */ = {isa = PBXFileReference; fileEncoding = 4; lastKnownFileType = sourcecode.swift; name = ProgrammingLanguages.swift; path = global/models/ProgrammingLanguages.swift; sourceTree = "<group>"; };
		D55063021E643DEE0095981F /* UIImageView.swift */ = {isa = PBXFileReference; fileEncoding = 4; lastKnownFileType = sourcecode.swift; path = UIImageView.swift; sourceTree = "<group>"; };
		D552F94B1E6371BB0090AA05 /* HTTPClient.swift */ = {isa = PBXFileReference; fileEncoding = 4; lastKnownFileType = sourcecode.swift; name = HTTPClient.swift; path = global/networking/HTTPClient.swift; sourceTree = "<group>"; };
		D552F94D1E6375270090AA05 /* JSONSerializer.swift */ = {isa = PBXFileReference; fileEncoding = 4; lastKnownFileType = sourcecode.swift; name = JSONSerializer.swift; path = global/utils/JSONSerializer.swift; sourceTree = "<group>"; };
		D56BE72F1F263934009D716F /* desafio-ios-watch.app */ = {isa = PBXFileReference; explicitFileType = wrapper.application; includeInIndex = 0; path = "desafio-ios-watch.app"; sourceTree = BUILT_PRODUCTS_DIR; };
		D56BE7321F263935009D716F /* Base */ = {isa = PBXFileReference; lastKnownFileType = file.storyboard; name = Base; path = Base.lproj/Interface.storyboard; sourceTree = "<group>"; };
		D56BE7341F263935009D716F /* Assets.xcassets */ = {isa = PBXFileReference; lastKnownFileType = folder.assetcatalog; path = Assets.xcassets; sourceTree = "<group>"; };
		D56BE7361F263935009D716F /* Info.plist */ = {isa = PBXFileReference; lastKnownFileType = text.plist.xml; path = Info.plist; sourceTree = "<group>"; };
		D56BE73B1F263935009D716F /* desafio-ios-watch Extension.appex */ = {isa = PBXFileReference; explicitFileType = "wrapper.app-extension"; includeInIndex = 0; path = "desafio-ios-watch Extension.appex"; sourceTree = BUILT_PRODUCTS_DIR; };
		D56BE7401F263935009D716F /* InterfaceController.swift */ = {isa = PBXFileReference; lastKnownFileType = sourcecode.swift; path = InterfaceController.swift; sourceTree = "<group>"; };
		D56BE7421F263935009D716F /* ExtensionDelegate.swift */ = {isa = PBXFileReference; lastKnownFileType = sourcecode.swift; path = ExtensionDelegate.swift; sourceTree = "<group>"; };
		D56BE7441F263935009D716F /* ComplicationController.swift */ = {isa = PBXFileReference; lastKnownFileType = sourcecode.swift; path = ComplicationController.swift; sourceTree = "<group>"; };
		D56BE7461F263935009D716F /* Assets.xcassets */ = {isa = PBXFileReference; lastKnownFileType = folder.assetcatalog; path = Assets.xcassets; sourceTree = "<group>"; };
		D56BE7481F263935009D716F /* Info.plist */ = {isa = PBXFileReference; lastKnownFileType = text.plist.xml; path = Info.plist; sourceTree = "<group>"; };
		D56BE7541F264099009D716F /* LanguageRowType.swift */ = {isa = PBXFileReference; fileEncoding = 4; lastKnownFileType = sourcecode.swift; path = LanguageRowType.swift; sourceTree = "<group>"; };
		D597D9E71E62862100104151 /* Reachability.swift */ = {isa = PBXFileReference; fileEncoding = 4; lastKnownFileType = sourcecode.swift; name = Reachability.swift; path = global/utils/Reachability.swift; sourceTree = "<group>"; };
		D598F8E01E61086A0058204A /* UINavigationController.swift */ = {isa = PBXFileReference; fileEncoding = 4; lastKnownFileType = sourcecode.swift; name = UINavigationController.swift; path = global/extensions/UINavigationController.swift; sourceTree = "<group>"; };
		D598F8E61E6116E70058204A /* UIBarButtonItem.swift */ = {isa = PBXFileReference; fileEncoding = 4; lastKnownFileType = sourcecode.swift; name = UIBarButtonItem.swift; path = global/extensions/UIBarButtonItem.swift; sourceTree = "<group>"; };
		D598F8E81E6133EA0058204A /* CustomHamburguerItem.swift */ = {isa = PBXFileReference; fileEncoding = 4; lastKnownFileType = sourcecode.swift; name = CustomHamburguerItem.swift; path = repositories/views/CustomHamburguerItem.swift; sourceTree = "<group>"; };
		D598F8F31E613F020058204A /* Date.swift */ = {isa = PBXFileReference; fileEncoding = 4; lastKnownFileType = sourcecode.swift; name = Date.swift; path = global/extensions/Date.swift; sourceTree = "<group>"; };
		D5AD25401E6377B2007A0B42 /* RepositoryHTTPClient.swift */ = {isa = PBXFileReference; fileEncoding = 4; lastKnownFileType = sourcecode.swift; name = RepositoryHTTPClient.swift; path = global/networking/RepositoryHTTPClient.swift; sourceTree = "<group>"; };
		D5AD25421E63798C007A0B42 /* Bundle.swift */ = {isa = PBXFileReference; fileEncoding = 4; lastKnownFileType = sourcecode.swift; name = Bundle.swift; path = global/extensions/Bundle.swift; sourceTree = "<group>"; };
		D5AD25441E637A2D007A0B42 /* Localizable.strings */ = {isa = PBXFileReference; fileEncoding = 4; lastKnownFileType = text.plist.strings; path = Localizable.strings; sourceTree = "<group>"; };
		D5AD25461E637CFE007A0B42 /* RepositoryDecode.swift */ = {isa = PBXFileReference; fileEncoding = 4; lastKnownFileType = sourcecode.swift; name = RepositoryDecode.swift; path = global/utils/RepositoryDecode.swift; sourceTree = "<group>"; };
		D5AD25491E637DFB007A0B42 /* PullRequest.swift */ = {isa = PBXFileReference; fileEncoding = 4; lastKnownFileType = sourcecode.swift; name = PullRequest.swift; path = pullRequest/models/PullRequest.swift; sourceTree = "<group>"; };
		D5AD254B1E637EA9007A0B42 /* PullRequestHTTPClient.swift */ = {isa = PBXFileReference; fileEncoding = 4; lastKnownFileType = sourcecode.swift; name = PullRequestHTTPClient.swift; path = global/networking/PullRequestHTTPClient.swift; sourceTree = "<group>"; };
		D5AD254D1E637F2A007A0B42 /* PullRequestDecode.swift */ = {isa = PBXFileReference; fileEncoding = 4; lastKnownFileType = sourcecode.swift; name = PullRequestDecode.swift; path = global/utils/PullRequestDecode.swift; sourceTree = "<group>"; };
		D5AD254F1E63A99D007A0B42 /* Alert.swift */ = {isa = PBXFileReference; fileEncoding = 4; lastKnownFileType = sourcecode.swift; name = Alert.swift; path = global/utils/Alert.swift; sourceTree = "<group>"; };
		D5B772F51E627BDB009DF188 /* Repository.swift */ = {isa = PBXFileReference; fileEncoding = 4; lastKnownFileType = sourcecode.swift; name = Repository.swift; path = repositories/models/Repository.swift; sourceTree = "<group>"; };
		D5EEA6361F28C50C00804403 /* InfoInterfaceController.swift */ = {isa = PBXFileReference; fileEncoding = 4; lastKnownFileType = sourcecode.swift; path = InfoInterfaceController.swift; sourceTree = "<group>"; };
		D5EEA6391F28C61800804403 /* WKInterfaceImage.swift */ = {isa = PBXFileReference; fileEncoding = 4; lastKnownFileType = sourcecode.swift; name = WKInterfaceImage.swift; path = extensions/WKInterfaceImage.swift; sourceTree = "<group>"; };
		D5EEA63B1F28C64200804403 /* WKinterfaceGroup.swift */ = {isa = PBXFileReference; fileEncoding = 4; lastKnownFileType = sourcecode.swift; name = WKinterfaceGroup.swift; path = extensions/WKinterfaceGroup.swift; sourceTree = "<group>"; };
		D5EEA63E1F28D6EB00804403 /* RepositoriesUpdateManager.swift */ = {isa = PBXFileReference; fileEncoding = 4; lastKnownFileType = sourcecode.swift; name = RepositoriesUpdateManager.swift; path = global/managers/RepositoriesUpdateManager.swift; sourceTree = "<group>"; };
		E03FE51F5EFC11DB31910CC4 /* Pods_desafio_ios.framework */ = {isa = PBXFileReference; explicitFileType = wrapper.framework; includeInIndex = 0; path = Pods_desafio_ios.framework; sourceTree = BUILT_PRODUCTS_DIR; };
/* End PBXFileReference section */

/* Begin PBXFrameworksBuildPhase section */
		259F5EAAD7216628CC61C9E6 /* Frameworks */ = {
			isa = PBXFrameworksBuildPhase;
			buildActionMask = 2147483647;
			files = (
			);
			runOnlyForDeploymentPostprocessing = 0;
		};
		75790F1A1E607C420064C575 /* Frameworks */ = {
			isa = PBXFrameworksBuildPhase;
			buildActionMask = 2147483647;
			files = (
				53365162477FE269B2AFAA4B /* Pods_desafio_ios.framework in Frameworks */,
			);
			runOnlyForDeploymentPostprocessing = 0;
		};
		75790F2E1E607C420064C575 /* Frameworks */ = {
			isa = PBXFrameworksBuildPhase;
			buildActionMask = 2147483647;
			files = (
				39F5B86D16088A6730C6E27C /* Pods_desafio_iosTests.framework in Frameworks */,
			);
			runOnlyForDeploymentPostprocessing = 0;
		};
		75790F391E607C420064C575 /* Frameworks */ = {
			isa = PBXFrameworksBuildPhase;
			buildActionMask = 2147483647;
			files = (
				94F69EF750743E79C8AF1BDC /* Pods_desafio_iosUITests.framework in Frameworks */,
			);
			runOnlyForDeploymentPostprocessing = 0;
		};
		D56BE7381F263935009D716F /* Frameworks */ = {
			isa = PBXFrameworksBuildPhase;
			buildActionMask = 2147483647;
			files = (
			);
			runOnlyForDeploymentPostprocessing = 0;
		};
/* End PBXFrameworksBuildPhase section */

/* Begin PBXGroup section */
		75790F141E607C420064C575 = {
			isa = PBXGroup;
			children = (
				75790F1F1E607C420064C575 /* desafio-ios */,
				75790F341E607C420064C575 /* desafio-iosTests */,
				75790F3F1E607C420064C575 /* desafio-iosUITests */,
				D56BE7301F263935009D716F /* desafio-ios-watch */,
				D56BE73F1F263935009D716F /* desafio-ios-watch Extension */,
				75790F1E1E607C420064C575 /* Products */,
				E60871BDD48E34E82A2D14E6 /* Pods */,
				DA79DB3C1BD278452611078C /* Frameworks */,
			);
			sourceTree = "<group>";
		};
		75790F1E1E607C420064C575 /* Products */ = {
			isa = PBXGroup;
			children = (
				75790F1D1E607C420064C575 /* desafio-ios.app */,
				75790F311E607C420064C575 /* desafio-iosTests.xctest */,
				75790F3C1E607C420064C575 /* desafio-iosUITests.xctest */,
				D56BE72F1F263934009D716F /* desafio-ios-watch.app */,
				D56BE73B1F263935009D716F /* desafio-ios-watch Extension.appex */,
			);
			name = Products;
			sourceTree = "<group>";
		};
		75790F1F1E607C420064C575 /* desafio-ios */ = {
			isa = PBXGroup;
			children = (
				75790F201E607C420064C575 /* AppDelegate.swift */,
				75790F271E607C420064C575 /* Assets.xcassets */,
				75790F2C1E607C420064C575 /* Info.plist */,
				D598F8EA1E61389C0058204A /* repositories */,
				D598F8EB1E6138BA0058204A /* pullRequest */,
				D598F8F01E613E1E0058204A /* global */,
				75790F241E607C420064C575 /* Main.storyboard */,
				75790F291E607C420064C575 /* LaunchScreen.storyboard */,
				D5AD25441E637A2D007A0B42 /* Localizable.strings */,
			);
			path = "desafio-ios";
			sourceTree = "<group>";
		};
		75790F341E607C420064C575 /* desafio-iosTests */ = {
			isa = PBXGroup;
			children = (
				75790F351E607C420064C575 /* desafio_iosTests.swift */,
				75790F371E607C420064C575 /* Info.plist */,
			);
			path = "desafio-iosTests";
			sourceTree = "<group>";
		};
		75790F3F1E607C420064C575 /* desafio-iosUITests */ = {
			isa = PBXGroup;
			children = (
				75790F401E607C420064C575 /* desafio_iosUITests.swift */,
				75790F421E607C420064C575 /* Info.plist */,
			);
			path = "desafio-iosUITests";
			sourceTree = "<group>";
		};
		75790F5A1E60B5FA0064C575 /* models */ = {
			isa = PBXGroup;
			children = (
				D5B772F51E627BDB009DF188 /* Repository.swift */,
			);
			name = models;
			sourceTree = "<group>";
		};
		75790F5B1E60B5FF0064C575 /* networking */ = {
			isa = PBXGroup;
			children = (
				D552F94B1E6371BB0090AA05 /* HTTPClient.swift */,
				D5AD25401E6377B2007A0B42 /* RepositoryHTTPClient.swift */,
				D5AD254B1E637EA9007A0B42 /* PullRequestHTTPClient.swift */,
			);
			name = networking;
			sourceTree = "<group>";
		};
		75790F5C1E60B6040064C575 /* extensions */ = {
			isa = PBXGroup;
			children = (
				75790F671E60DFDD0064C575 /* NSMutableAttributedString.swift */,
				75790F691E60EA140064C575 /* UIColor.swift */,
				D598F8E01E61086A0058204A /* UINavigationController.swift */,
				D598F8E61E6116E70058204A /* UIBarButtonItem.swift */,
				D598F8F31E613F020058204A /* Date.swift */,
				D5AD25421E63798C007A0B42 /* Bundle.swift */,
				D55063021E643DEE0095981F /* UIImageView.swift */,
			);
			name = extensions;
			sourceTree = "<group>";
		};
		D51F12221F29865300516598 /* controllers */ = {
			isa = PBXGroup;
			children = (
				D51F12231F29869300516598 /* WebViewController.swift */,
			);
			name = controllers;
			sourceTree = "<group>";
		};
		D52D508B1F2676D500C5DD17 /* models */ = {
			isa = PBXGroup;
			children = (
				D52D508C1F2676F100C5DD17 /* ProgrammingLanguages.swift */,
			);
			name = models;
			sourceTree = "<group>";
		};
		D56BE7301F263935009D716F /* desafio-ios-watch */ = {
			isa = PBXGroup;
			children = (
				D56BE7311F263935009D716F /* Interface.storyboard */,
				D56BE7341F263935009D716F /* Assets.xcassets */,
				D56BE7361F263935009D716F /* Info.plist */,
			);
			path = "desafio-ios-watch";
			sourceTree = "<group>";
		};
		D56BE73F1F263935009D716F /* desafio-ios-watch Extension */ = {
			isa = PBXGroup;
			children = (
				D5EEA6381F28C5F900804403 /* extensions */,
				D56BE7421F263935009D716F /* ExtensionDelegate.swift */,
				D56BE7401F263935009D716F /* InterfaceController.swift */,
				D5EEA6361F28C50C00804403 /* InfoInterfaceController.swift */,
				D56BE7441F263935009D716F /* ComplicationController.swift */,
				D56BE7541F264099009D716F /* LanguageRowType.swift */,
				D56BE7461F263935009D716F /* Assets.xcassets */,
				D56BE7481F263935009D716F /* Info.plist */,
			);
			path = "desafio-ios-watch Extension";
			sourceTree = "<group>";
		};
		D598F8DF1E6107C30058204A /* utils */ = {
			isa = PBXGroup;
			children = (
				D597D9E71E62862100104151 /* Reachability.swift */,
				D552F94D1E6375270090AA05 /* JSONSerializer.swift */,
				D5AD25461E637CFE007A0B42 /* RepositoryDecode.swift */,
				D5AD254D1E637F2A007A0B42 /* PullRequestDecode.swift */,
				D5AD254F1E63A99D007A0B42 /* Alert.swift */,
			);
			name = utils;
			sourceTree = "<group>";
		};
		D598F8EA1E61389C0058204A /* repositories */ = {
			isa = PBXGroup;
			children = (
				75790F5A1E60B5FA0064C575 /* models */,
				D598F8EF1E6139380058204A /* views */,
				D598F8EC1E6138C90058204A /* controllers */,
			);
			name = repositories;
			sourceTree = "<group>";
		};
		D598F8EB1E6138BA0058204A /* pullRequest */ = {
			isa = PBXGroup;
			children = (
				D5AD25481E637DE7007A0B42 /* models */,
				D598F8EE1E61392E0058204A /* views */,
				D598F8ED1E6139220058204A /* controllers */,
			);
			name = pullRequest;
			sourceTree = "<group>";
		};
		D598F8EC1E6138C90058204A /* controllers */ = {
			isa = PBXGroup;
			children = (
				75790F221E607C420064C575 /* RepositoriesViewController.swift */,
			);
			name = controllers;
			sourceTree = "<group>";
		};
		D598F8ED1E6139220058204A /* controllers */ = {
			isa = PBXGroup;
			children = (
				75790F5D1E60C06B0064C575 /* PullRequestViewController.swift */,
			);
			name = controllers;
			sourceTree = "<group>";
		};
		D598F8EE1E61392E0058204A /* views */ = {
			isa = PBXGroup;
			children = (
				75790F5F1E60CB0C0064C575 /* PullRequestTableViewCell.swift */,
				75790F601E60CB0C0064C575 /* PullRequestTableViewCell.xib */,
			);
			name = views;
			sourceTree = "<group>";
		};
		D598F8EF1E6139380058204A /* views */ = {
			isa = PBXGroup;
			children = (
				75790F541E60A3CE0064C575 /* RepositoryTableViewCell.swift */,
				75790F551E60A3CE0064C575 /* RepositoryTableViewCell.xib */,
				D598F8E81E6133EA0058204A /* CustomHamburguerItem.swift */,
			);
			name = views;
			sourceTree = "<group>";
		};
		D598F8F01E613E1E0058204A /* global */ = {
			isa = PBXGroup;
			children = (
				D51F12221F29865300516598 /* controllers */,
				D5EEA63D1F28D6AC00804403 /* managers */,
				D52D508B1F2676D500C5DD17 /* models */,
				D598F8DF1E6107C30058204A /* utils */,
				75790F5C1E60B6040064C575 /* extensions */,
				75790F5B1E60B5FF0064C575 /* networking */,
			);
			name = global;
			sourceTree = "<group>";
		};
		D5AD25481E637DE7007A0B42 /* models */ = {
			isa = PBXGroup;
			children = (
				D5AD25491E637DFB007A0B42 /* PullRequest.swift */,
			);
			name = models;
			sourceTree = "<group>";
		};
		D5EEA6381F28C5F900804403 /* extensions */ = {
			isa = PBXGroup;
			children = (
				D5EEA6391F28C61800804403 /* WKInterfaceImage.swift */,
				D5EEA63B1F28C64200804403 /* WKinterfaceGroup.swift */,
			);
			name = extensions;
			sourceTree = "<group>";
		};
		D5EEA63D1F28D6AC00804403 /* managers */ = {
			isa = PBXGroup;
			children = (
				D51F36191F26E33700E7EFB4 /* UserDefaultsManager.swift */,
				D5EEA63E1F28D6EB00804403 /* RepositoriesUpdateManager.swift */,
			);
			name = managers;
			sourceTree = "<group>";
		};
		DA79DB3C1BD278452611078C /* Frameworks */ = {
			isa = PBXGroup;
			children = (
				E03FE51F5EFC11DB31910CC4 /* Pods_desafio_ios.framework */,
				3933BD0418332267C68828EC /* Pods_desafio_iosTests.framework */,
				6B719CB68A169F3ED0D0A22F /* Pods_desafio_iosUITests.framework */,
				230992F46B5CBEA15D08B4E9 /* Pods_desafio_ios_watch.framework */,
			);
			name = Frameworks;
			sourceTree = "<group>";
		};
		E60871BDD48E34E82A2D14E6 /* Pods */ = {
			isa = PBXGroup;
			children = (
				364DDB4772EF51496751797E /* Pods-desafio-ios.debug.xcconfig */,
				CD9A6B9F2B52F961FE61C8E3 /* Pods-desafio-ios.release.xcconfig */,
				9BBB29F1940B951F4817FD77 /* Pods-desafio-iosTests.debug.xcconfig */,
				8752F1308229668B079F7748 /* Pods-desafio-iosTests.release.xcconfig */,
				36004FF87885B98FF137458B /* Pods-desafio-iosUITests.debug.xcconfig */,
				3AA344D6586A5AAE4A873EF1 /* Pods-desafio-iosUITests.release.xcconfig */,
			);
			name = Pods;
			sourceTree = "<group>";
		};
/* End PBXGroup section */

/* Begin PBXNativeTarget section */
		75790F1C1E607C420064C575 /* desafio-ios */ = {
			isa = PBXNativeTarget;
			buildConfigurationList = 75790F451E607C420064C575 /* Build configuration list for PBXNativeTarget "desafio-ios" */;
			buildPhases = (
				89110970ADB752AA35487C8F /* [CP] Check Pods Manifest.lock */,
				75790F191E607C420064C575 /* Sources */,
				75790F1A1E607C420064C575 /* Frameworks */,
				75790F1B1E607C420064C575 /* Resources */,
				9C8EA00DA8CCCCE7CA691F11 /* [CP] Embed Pods Frameworks */,
				7D27DE2BD497FC90198F312B /* [CP] Copy Pods Resources */,
				D56BE7531F263935009D716F /* Embed Watch Content */,
			);
			buildRules = (
			);
			dependencies = (
				D56BE74A1F263935009D716F /* PBXTargetDependency */,
			);
			name = "desafio-ios";
			productName = "desafio-ios";
			productReference = 75790F1D1E607C420064C575 /* desafio-ios.app */;
			productType = "com.apple.product-type.application";
		};
		75790F301E607C420064C575 /* desafio-iosTests */ = {
			isa = PBXNativeTarget;
			buildConfigurationList = 75790F481E607C420064C575 /* Build configuration list for PBXNativeTarget "desafio-iosTests" */;
			buildPhases = (
				6A7C17113C8F3705A3CF20C1 /* [CP] Check Pods Manifest.lock */,
				75790F2D1E607C420064C575 /* Sources */,
				75790F2E1E607C420064C575 /* Frameworks */,
				75790F2F1E607C420064C575 /* Resources */,
				5BB04A2E59ABEE465BD4BD00 /* [CP] Embed Pods Frameworks */,
				CFFF6005B0387198BBF11C67 /* [CP] Copy Pods Resources */,
			);
			buildRules = (
			);
			dependencies = (
				75790F331E607C420064C575 /* PBXTargetDependency */,
			);
			name = "desafio-iosTests";
			productName = "desafio-iosTests";
			productReference = 75790F311E607C420064C575 /* desafio-iosTests.xctest */;
			productType = "com.apple.product-type.bundle.unit-test";
		};
		75790F3B1E607C420064C575 /* desafio-iosUITests */ = {
			isa = PBXNativeTarget;
			buildConfigurationList = 75790F4B1E607C420064C575 /* Build configuration list for PBXNativeTarget "desafio-iosUITests" */;
			buildPhases = (
				C0D283AE7310610440AEC4B3 /* [CP] Check Pods Manifest.lock */,
				75790F381E607C420064C575 /* Sources */,
				75790F391E607C420064C575 /* Frameworks */,
				75790F3A1E607C420064C575 /* Resources */,
				8F42E2BDF35D8B1F5747DA0E /* [CP] Embed Pods Frameworks */,
				DC41C302C83EA786ABD7819C /* [CP] Copy Pods Resources */,
			);
			buildRules = (
			);
			dependencies = (
				75790F3E1E607C420064C575 /* PBXTargetDependency */,
			);
			name = "desafio-iosUITests";
			productName = "desafio-iosUITests";
			productReference = 75790F3C1E607C420064C575 /* desafio-iosUITests.xctest */;
			productType = "com.apple.product-type.bundle.ui-testing";
		};
		D56BE72E1F263934009D716F /* desafio-ios-watch */ = {
			isa = PBXNativeTarget;
			buildConfigurationList = D56BE7521F263935009D716F /* Build configuration list for PBXNativeTarget "desafio-ios-watch" */;
			buildPhases = (
				D56BE72D1F263934009D716F /* Resources */,
				D56BE7511F263935009D716F /* Embed App Extensions */,
				259F5EAAD7216628CC61C9E6 /* Frameworks */,
			);
			buildRules = (
			);
			dependencies = (
				D56BE73E1F263935009D716F /* PBXTargetDependency */,
			);
			name = "desafio-ios-watch";
			productName = "desafio-ios-watch";
			productReference = D56BE72F1F263934009D716F /* desafio-ios-watch.app */;
			productType = "com.apple.product-type.application.watchapp2";
		};
		D56BE73A1F263935009D716F /* desafio-ios-watch Extension */ = {
			isa = PBXNativeTarget;
			buildConfigurationList = D56BE7501F263935009D716F /* Build configuration list for PBXNativeTarget "desafio-ios-watch Extension" */;
			buildPhases = (
				D56BE7371F263935009D716F /* Sources */,
				D56BE7381F263935009D716F /* Frameworks */,
				D56BE7391F263935009D716F /* Resources */,
			);
			buildRules = (
			);
			dependencies = (
			);
			name = "desafio-ios-watch Extension";
			productName = "desafio-ios-watch Extension";
			productReference = D56BE73B1F263935009D716F /* desafio-ios-watch Extension.appex */;
			productType = "com.apple.product-type.watchkit2-extension";
		};
/* End PBXNativeTarget section */

/* Begin PBXProject section */
		75790F151E607C420064C575 /* Project object */ = {
			isa = PBXProject;
			attributes = {
				LastSwiftUpdateCheck = 0820;
				LastUpgradeCheck = 0820;
				ORGANIZATIONNAME = "Felipe Marino";
				TargetAttributes = {
					75790F1C1E607C420064C575 = {
						CreatedOnToolsVersion = 8.2;
						DevelopmentTeam = X9MK4PBNUW;
						ProvisioningStyle = Automatic;
					};
					75790F301E607C420064C575 = {
						CreatedOnToolsVersion = 8.2;
						DevelopmentTeam = X9MK4PBNUW;
						ProvisioningStyle = Automatic;
						TestTargetID = 75790F1C1E607C420064C575;
					};
					75790F3B1E607C420064C575 = {
						CreatedOnToolsVersion = 8.2;
						DevelopmentTeam = X9MK4PBNUW;
						ProvisioningStyle = Automatic;
						TestTargetID = 75790F1C1E607C420064C575;
					};
					D56BE72E1F263934009D716F = {
						CreatedOnToolsVersion = 8.2.1;
						DevelopmentTeam = X9MK4PBNUW;
						ProvisioningStyle = Automatic;
					};
					D56BE73A1F263935009D716F = {
						CreatedOnToolsVersion = 8.2.1;
						DevelopmentTeam = X9MK4PBNUW;
						ProvisioningStyle = Automatic;
					};
				};
			};
			buildConfigurationList = 75790F181E607C420064C575 /* Build configuration list for PBXProject "desafio-ios" */;
			compatibilityVersion = "Xcode 3.2";
			developmentRegion = English;
			hasScannedForEncodings = 0;
			knownRegions = (
				en,
				Base,
			);
			mainGroup = 75790F141E607C420064C575;
			productRefGroup = 75790F1E1E607C420064C575 /* Products */;
			projectDirPath = "";
			projectRoot = "";
			targets = (
				75790F1C1E607C420064C575 /* desafio-ios */,
				75790F301E607C420064C575 /* desafio-iosTests */,
				75790F3B1E607C420064C575 /* desafio-iosUITests */,
				D56BE72E1F263934009D716F /* desafio-ios-watch */,
				D56BE73A1F263935009D716F /* desafio-ios-watch Extension */,
			);
		};
/* End PBXProject section */

/* Begin PBXResourcesBuildPhase section */
		75790F1B1E607C420064C575 /* Resources */ = {
			isa = PBXResourcesBuildPhase;
			buildActionMask = 2147483647;
			files = (
				75790F571E60A3CE0064C575 /* RepositoryTableViewCell.xib in Resources */,
				D5AD25451E637A2D007A0B42 /* Localizable.strings in Resources */,
				75790F2B1E607C420064C575 /* LaunchScreen.storyboard in Resources */,
				75790F281E607C420064C575 /* Assets.xcassets in Resources */,
				75790F261E607C420064C575 /* Main.storyboard in Resources */,
				75790F621E60CB0C0064C575 /* PullRequestTableViewCell.xib in Resources */,
			);
			runOnlyForDeploymentPostprocessing = 0;
		};
		75790F2F1E607C420064C575 /* Resources */ = {
			isa = PBXResourcesBuildPhase;
			buildActionMask = 2147483647;
			files = (
			);
			runOnlyForDeploymentPostprocessing = 0;
		};
		75790F3A1E607C420064C575 /* Resources */ = {
			isa = PBXResourcesBuildPhase;
			buildActionMask = 2147483647;
			files = (
			);
			runOnlyForDeploymentPostprocessing = 0;
		};
		D56BE72D1F263934009D716F /* Resources */ = {
			isa = PBXResourcesBuildPhase;
			buildActionMask = 2147483647;
			files = (
				D56BE7351F263935009D716F /* Assets.xcassets in Resources */,
				D56BE7331F263935009D716F /* Interface.storyboard in Resources */,
			);
			runOnlyForDeploymentPostprocessing = 0;
		};
		D56BE7391F263935009D716F /* Resources */ = {
			isa = PBXResourcesBuildPhase;
			buildActionMask = 2147483647;
			files = (
				D56BE7471F263935009D716F /* Assets.xcassets in Resources */,
			);
			runOnlyForDeploymentPostprocessing = 0;
		};
/* End PBXResourcesBuildPhase section */

/* Begin PBXShellScriptBuildPhase section */
		5BB04A2E59ABEE465BD4BD00 /* [CP] Embed Pods Frameworks */ = {
			isa = PBXShellScriptBuildPhase;
			buildActionMask = 2147483647;
			files = (
			);
			inputPaths = (
			);
			name = "[CP] Embed Pods Frameworks";
			outputPaths = (
			);
			runOnlyForDeploymentPostprocessing = 0;
			shellPath = /bin/sh;
			shellScript = "\"${SRCROOT}/Pods/Target Support Files/Pods-desafio-iosTests/Pods-desafio-iosTests-frameworks.sh\"\n";
			showEnvVarsInLog = 0;
		};
		6A7C17113C8F3705A3CF20C1 /* [CP] Check Pods Manifest.lock */ = {
			isa = PBXShellScriptBuildPhase;
			buildActionMask = 2147483647;
			files = (
			);
			inputPaths = (
			);
			name = "[CP] Check Pods Manifest.lock";
			outputPaths = (
			);
			runOnlyForDeploymentPostprocessing = 0;
			shellPath = /bin/sh;
			shellScript = "diff \"${PODS_ROOT}/../Podfile.lock\" \"${PODS_ROOT}/Manifest.lock\" > /dev/null\nif [ $? != 0 ] ; then\n    # print error to STDERR\n    echo \"error: The sandbox is not in sync with the Podfile.lock. Run 'pod install' or update your CocoaPods installation.\" >&2\n    exit 1\nfi\n";
			showEnvVarsInLog = 0;
		};
		7D27DE2BD497FC90198F312B /* [CP] Copy Pods Resources */ = {
			isa = PBXShellScriptBuildPhase;
			buildActionMask = 2147483647;
			files = (
			);
			inputPaths = (
			);
			name = "[CP] Copy Pods Resources";
			outputPaths = (
			);
			runOnlyForDeploymentPostprocessing = 0;
			shellPath = /bin/sh;
			shellScript = "\"${SRCROOT}/Pods/Target Support Files/Pods-desafio-ios/Pods-desafio-ios-resources.sh\"\n";
			showEnvVarsInLog = 0;
		};
		89110970ADB752AA35487C8F /* [CP] Check Pods Manifest.lock */ = {
			isa = PBXShellScriptBuildPhase;
			buildActionMask = 2147483647;
			files = (
			);
			inputPaths = (
			);
			name = "[CP] Check Pods Manifest.lock";
			outputPaths = (
			);
			runOnlyForDeploymentPostprocessing = 0;
			shellPath = /bin/sh;
			shellScript = "diff \"${PODS_ROOT}/../Podfile.lock\" \"${PODS_ROOT}/Manifest.lock\" > /dev/null\nif [ $? != 0 ] ; then\n    # print error to STDERR\n    echo \"error: The sandbox is not in sync with the Podfile.lock. Run 'pod install' or update your CocoaPods installation.\" >&2\n    exit 1\nfi\n";
			showEnvVarsInLog = 0;
		};
		8F42E2BDF35D8B1F5747DA0E /* [CP] Embed Pods Frameworks */ = {
			isa = PBXShellScriptBuildPhase;
			buildActionMask = 2147483647;
			files = (
			);
			inputPaths = (
			);
			name = "[CP] Embed Pods Frameworks";
			outputPaths = (
			);
			runOnlyForDeploymentPostprocessing = 0;
			shellPath = /bin/sh;
			shellScript = "\"${SRCROOT}/Pods/Target Support Files/Pods-desafio-iosUITests/Pods-desafio-iosUITests-frameworks.sh\"\n";
			showEnvVarsInLog = 0;
		};
		9C8EA00DA8CCCCE7CA691F11 /* [CP] Embed Pods Frameworks */ = {
			isa = PBXShellScriptBuildPhase;
			buildActionMask = 2147483647;
			files = (
			);
			inputPaths = (
			);
			name = "[CP] Embed Pods Frameworks";
			outputPaths = (
			);
			runOnlyForDeploymentPostprocessing = 0;
			shellPath = /bin/sh;
			shellScript = "\"${SRCROOT}/Pods/Target Support Files/Pods-desafio-ios/Pods-desafio-ios-frameworks.sh\"\n";
			showEnvVarsInLog = 0;
		};
		C0D283AE7310610440AEC4B3 /* [CP] Check Pods Manifest.lock */ = {
			isa = PBXShellScriptBuildPhase;
			buildActionMask = 2147483647;
			files = (
			);
			inputPaths = (
			);
			name = "[CP] Check Pods Manifest.lock";
			outputPaths = (
			);
			runOnlyForDeploymentPostprocessing = 0;
			shellPath = /bin/sh;
			shellScript = "diff \"${PODS_ROOT}/../Podfile.lock\" \"${PODS_ROOT}/Manifest.lock\" > /dev/null\nif [ $? != 0 ] ; then\n    # print error to STDERR\n    echo \"error: The sandbox is not in sync with the Podfile.lock. Run 'pod install' or update your CocoaPods installation.\" >&2\n    exit 1\nfi\n";
			showEnvVarsInLog = 0;
		};
		CFFF6005B0387198BBF11C67 /* [CP] Copy Pods Resources */ = {
			isa = PBXShellScriptBuildPhase;
			buildActionMask = 2147483647;
			files = (
			);
			inputPaths = (
			);
			name = "[CP] Copy Pods Resources";
			outputPaths = (
			);
			runOnlyForDeploymentPostprocessing = 0;
			shellPath = /bin/sh;
			shellScript = "\"${SRCROOT}/Pods/Target Support Files/Pods-desafio-iosTests/Pods-desafio-iosTests-resources.sh\"\n";
			showEnvVarsInLog = 0;
		};
		DC41C302C83EA786ABD7819C /* [CP] Copy Pods Resources */ = {
			isa = PBXShellScriptBuildPhase;
			buildActionMask = 2147483647;
			files = (
			);
			inputPaths = (
			);
			name = "[CP] Copy Pods Resources";
			outputPaths = (
			);
			runOnlyForDeploymentPostprocessing = 0;
			shellPath = /bin/sh;
			shellScript = "\"${SRCROOT}/Pods/Target Support Files/Pods-desafio-iosUITests/Pods-desafio-iosUITests-resources.sh\"\n";
			showEnvVarsInLog = 0;
		};
/* End PBXShellScriptBuildPhase section */

/* Begin PBXSourcesBuildPhase section */
		75790F191E607C420064C575 /* Sources */ = {
			isa = PBXSourcesBuildPhase;
			buildActionMask = 2147483647;
			files = (
				D5AD254E1E637F2A007A0B42 /* PullRequestDecode.swift in Sources */,
				75790F231E607C420064C575 /* RepositoriesViewController.swift in Sources */,
				D598F8E91E6133EB0058204A /* CustomHamburguerItem.swift in Sources */,
				75790F681E60DFDD0064C575 /* NSMutableAttributedString.swift in Sources */,
				75790F611E60CB0C0064C575 /* PullRequestTableViewCell.swift in Sources */,
				D5AD25411E6377B2007A0B42 /* RepositoryHTTPClient.swift in Sources */,
				75790F5E1E60C06B0064C575 /* PullRequestViewController.swift in Sources */,
				75790F211E607C420064C575 /* AppDelegate.swift in Sources */,
				D5AD25501E63A99D007A0B42 /* Alert.swift in Sources */,
				D5AD254A1E637DFB007A0B42 /* PullRequest.swift in Sources */,
				75790F561E60A3CE0064C575 /* RepositoryTableViewCell.swift in Sources */,
				D51F12241F29869300516598 /* WebViewController.swift in Sources */,
				D598F8E11E61086A0058204A /* UINavigationController.swift in Sources */,
				D598F8F41E613F020058204A /* Date.swift in Sources */,
				D598F8E71E6116E70058204A /* UIBarButtonItem.swift in Sources */,
				D552F94E1E6375270090AA05 /* JSONSerializer.swift in Sources */,
				D51F361A1F26E33700E7EFB4 /* UserDefaultsManager.swift in Sources */,
				D552F94C1E6371BB0090AA05 /* HTTPClient.swift in Sources */,
				D52D508D1F2676F100C5DD17 /* ProgrammingLanguages.swift in Sources */,
				D5AD25471E637CFE007A0B42 /* RepositoryDecode.swift in Sources */,
				D5AD254C1E637EA9007A0B42 /* PullRequestHTTPClient.swift in Sources */,
				D5AD25431E63798C007A0B42 /* Bundle.swift in Sources */,
				D55063031E643DEE0095981F /* UIImageView.swift in Sources */,
				75790F6A1E60EA140064C575 /* UIColor.swift in Sources */,
				D5EEA63F1F28D6EB00804403 /* RepositoriesUpdateManager.swift in Sources */,
				D5B772F61E627BDB009DF188 /* Repository.swift in Sources */,
				D597D9E81E62862100104151 /* Reachability.swift in Sources */,
			);
			runOnlyForDeploymentPostprocessing = 0;
		};
		75790F2D1E607C420064C575 /* Sources */ = {
			isa = PBXSourcesBuildPhase;
			buildActionMask = 2147483647;
			files = (
				75790F361E607C420064C575 /* desafio_iosTests.swift in Sources */,
			);
			runOnlyForDeploymentPostprocessing = 0;
		};
		75790F381E607C420064C575 /* Sources */ = {
			isa = PBXSourcesBuildPhase;
			buildActionMask = 2147483647;
			files = (
				75790F411E607C420064C575 /* desafio_iosUITests.swift in Sources */,
			);
			runOnlyForDeploymentPostprocessing = 0;
		};
		D56BE7371F263935009D716F /* Sources */ = {
			isa = PBXSourcesBuildPhase;
			buildActionMask = 2147483647;
			files = (
				D56BE7431F263935009D716F /* ExtensionDelegate.swift in Sources */,
				D5EEA63C1F28C64200804403 /* WKinterfaceGroup.swift in Sources */,
				D5EEA63A1F28C61800804403 /* WKInterfaceImage.swift in Sources */,
				D56BE7411F263935009D716F /* InterfaceController.swift in Sources */,
				D52D508E1F26781200C5DD17 /* ProgrammingLanguages.swift in Sources */,
				D56BE7551F264099009D716F /* LanguageRowType.swift in Sources */,
				D56BE7451F263935009D716F /* ComplicationController.swift in Sources */,
				D5EEA6371F28C50C00804403 /* InfoInterfaceController.swift in Sources */,
			);
			runOnlyForDeploymentPostprocessing = 0;
		};
/* End PBXSourcesBuildPhase section */

/* Begin PBXTargetDependency section */
		75790F331E607C420064C575 /* PBXTargetDependency */ = {
			isa = PBXTargetDependency;
			target = 75790F1C1E607C420064C575 /* desafio-ios */;
			targetProxy = 75790F321E607C420064C575 /* PBXContainerItemProxy */;
		};
		75790F3E1E607C420064C575 /* PBXTargetDependency */ = {
			isa = PBXTargetDependency;
			target = 75790F1C1E607C420064C575 /* desafio-ios */;
			targetProxy = 75790F3D1E607C420064C575 /* PBXContainerItemProxy */;
		};
		D56BE73E1F263935009D716F /* PBXTargetDependency */ = {
			isa = PBXTargetDependency;
			target = D56BE73A1F263935009D716F /* desafio-ios-watch Extension */;
			targetProxy = D56BE73D1F263935009D716F /* PBXContainerItemProxy */;
		};
		D56BE74A1F263935009D716F /* PBXTargetDependency */ = {
			isa = PBXTargetDependency;
			target = D56BE72E1F263934009D716F /* desafio-ios-watch */;
			targetProxy = D56BE7491F263935009D716F /* PBXContainerItemProxy */;
		};
/* End PBXTargetDependency section */

/* Begin PBXVariantGroup section */
		75790F241E607C420064C575 /* Main.storyboard */ = {
			isa = PBXVariantGroup;
			children = (
				75790F251E607C420064C575 /* Base */,
			);
			name = Main.storyboard;
			sourceTree = "<group>";
		};
		75790F291E607C420064C575 /* LaunchScreen.storyboard */ = {
			isa = PBXVariantGroup;
			children = (
				75790F2A1E607C420064C575 /* Base */,
			);
			name = LaunchScreen.storyboard;
			sourceTree = "<group>";
		};
		D56BE7311F263935009D716F /* Interface.storyboard */ = {
			isa = PBXVariantGroup;
			children = (
				D56BE7321F263935009D716F /* Base */,
			);
			name = Interface.storyboard;
			sourceTree = "<group>";
		};
/* End PBXVariantGroup section */

/* Begin XCBuildConfiguration section */
		75790F431E607C420064C575 /* Debug */ = {
			isa = XCBuildConfiguration;
			buildSettings = {
				ALWAYS_SEARCH_USER_PATHS = NO;
				CLANG_ANALYZER_NONNULL = YES;
				CLANG_CXX_LANGUAGE_STANDARD = "gnu++0x";
				CLANG_CXX_LIBRARY = "libc++";
				CLANG_ENABLE_MODULES = YES;
				CLANG_ENABLE_OBJC_ARC = YES;
				CLANG_WARN_BOOL_CONVERSION = YES;
				CLANG_WARN_CONSTANT_CONVERSION = YES;
				CLANG_WARN_DIRECT_OBJC_ISA_USAGE = YES_ERROR;
				CLANG_WARN_DOCUMENTATION_COMMENTS = YES;
				CLANG_WARN_EMPTY_BODY = YES;
				CLANG_WARN_ENUM_CONVERSION = YES;
				CLANG_WARN_INFINITE_RECURSION = YES;
				CLANG_WARN_INT_CONVERSION = YES;
				CLANG_WARN_OBJC_ROOT_CLASS = YES_ERROR;
				CLANG_WARN_SUSPICIOUS_MOVE = YES;
				CLANG_WARN_UNREACHABLE_CODE = YES;
				CLANG_WARN__DUPLICATE_METHOD_MATCH = YES;
				"CODE_SIGN_IDENTITY[sdk=iphoneos*]" = "iPhone Developer";
				COPY_PHASE_STRIP = NO;
				DEBUG_INFORMATION_FORMAT = dwarf;
				ENABLE_STRICT_OBJC_MSGSEND = YES;
				ENABLE_TESTABILITY = YES;
				GCC_C_LANGUAGE_STANDARD = gnu99;
				GCC_DYNAMIC_NO_PIC = NO;
				GCC_NO_COMMON_BLOCKS = YES;
				GCC_OPTIMIZATION_LEVEL = 0;
				GCC_PREPROCESSOR_DEFINITIONS = (
					"DEBUG=1",
					"$(inherited)",
				);
				GCC_WARN_64_TO_32_BIT_CONVERSION = YES;
				GCC_WARN_ABOUT_RETURN_TYPE = YES_ERROR;
				GCC_WARN_UNDECLARED_SELECTOR = YES;
				GCC_WARN_UNINITIALIZED_AUTOS = YES_AGGRESSIVE;
				GCC_WARN_UNUSED_FUNCTION = YES;
				GCC_WARN_UNUSED_VARIABLE = YES;
				IPHONEOS_DEPLOYMENT_TARGET = 9.3;
				MTL_ENABLE_DEBUG_INFO = YES;
				ONLY_ACTIVE_ARCH = YES;
				SDKROOT = iphoneos;
				SWIFT_ACTIVE_COMPILATION_CONDITIONS = DEBUG;
				SWIFT_OPTIMIZATION_LEVEL = "-Onone";
				TARGETED_DEVICE_FAMILY = "1,2";
			};
			name = Debug;
		};
		75790F441E607C420064C575 /* Release */ = {
			isa = XCBuildConfiguration;
			buildSettings = {
				ALWAYS_SEARCH_USER_PATHS = NO;
				CLANG_ANALYZER_NONNULL = YES;
				CLANG_CXX_LANGUAGE_STANDARD = "gnu++0x";
				CLANG_CXX_LIBRARY = "libc++";
				CLANG_ENABLE_MODULES = YES;
				CLANG_ENABLE_OBJC_ARC = YES;
				CLANG_WARN_BOOL_CONVERSION = YES;
				CLANG_WARN_CONSTANT_CONVERSION = YES;
				CLANG_WARN_DIRECT_OBJC_ISA_USAGE = YES_ERROR;
				CLANG_WARN_DOCUMENTATION_COMMENTS = YES;
				CLANG_WARN_EMPTY_BODY = YES;
				CLANG_WARN_ENUM_CONVERSION = YES;
				CLANG_WARN_INFINITE_RECURSION = YES;
				CLANG_WARN_INT_CONVERSION = YES;
				CLANG_WARN_OBJC_ROOT_CLASS = YES_ERROR;
				CLANG_WARN_SUSPICIOUS_MOVE = YES;
				CLANG_WARN_UNREACHABLE_CODE = YES;
				CLANG_WARN__DUPLICATE_METHOD_MATCH = YES;
				"CODE_SIGN_IDENTITY[sdk=iphoneos*]" = "iPhone Developer";
				COPY_PHASE_STRIP = NO;
				DEBUG_INFORMATION_FORMAT = "dwarf-with-dsym";
				ENABLE_NS_ASSERTIONS = NO;
				ENABLE_STRICT_OBJC_MSGSEND = YES;
				GCC_C_LANGUAGE_STANDARD = gnu99;
				GCC_NO_COMMON_BLOCKS = YES;
				GCC_WARN_64_TO_32_BIT_CONVERSION = YES;
				GCC_WARN_ABOUT_RETURN_TYPE = YES_ERROR;
				GCC_WARN_UNDECLARED_SELECTOR = YES;
				GCC_WARN_UNINITIALIZED_AUTOS = YES_AGGRESSIVE;
				GCC_WARN_UNUSED_FUNCTION = YES;
				GCC_WARN_UNUSED_VARIABLE = YES;
				IPHONEOS_DEPLOYMENT_TARGET = 9.3;
				MTL_ENABLE_DEBUG_INFO = NO;
				SDKROOT = iphoneos;
				SWIFT_OPTIMIZATION_LEVEL = "-Owholemodule";
				TARGETED_DEVICE_FAMILY = "1,2";
				VALIDATE_PRODUCT = YES;
			};
			name = Release;
		};
		75790F461E607C420064C575 /* Debug */ = {
			isa = XCBuildConfiguration;
			baseConfigurationReference = 364DDB4772EF51496751797E /* Pods-desafio-ios.debug.xcconfig */;
			buildSettings = {
				ASSETCATALOG_COMPILER_APPICON_NAME = AppIcon;
				DEVELOPMENT_TEAM = X9MK4PBNUW;
				INFOPLIST_FILE = "desafio-ios/Info.plist";
				IPHONEOS_DEPLOYMENT_TARGET = 9.3;
				LD_RUNPATH_SEARCH_PATHS = "$(inherited) @executable_path/Frameworks";
				PRODUCT_BUNDLE_IDENTIFIER = "felipemarino.desafio-ios";
				PRODUCT_NAME = "$(TARGET_NAME)";
				SWIFT_VERSION = 3.0;
			};
			name = Debug;
		};
		75790F471E607C420064C575 /* Release */ = {
			isa = XCBuildConfiguration;
			baseConfigurationReference = CD9A6B9F2B52F961FE61C8E3 /* Pods-desafio-ios.release.xcconfig */;
			buildSettings = {
				ASSETCATALOG_COMPILER_APPICON_NAME = AppIcon;
				DEVELOPMENT_TEAM = X9MK4PBNUW;
				INFOPLIST_FILE = "desafio-ios/Info.plist";
				IPHONEOS_DEPLOYMENT_TARGET = 9.3;
				LD_RUNPATH_SEARCH_PATHS = "$(inherited) @executable_path/Frameworks";
				PRODUCT_BUNDLE_IDENTIFIER = "felipemarino.desafio-ios";
				PRODUCT_NAME = "$(TARGET_NAME)";
				SWIFT_VERSION = 3.0;
			};
			name = Release;
		};
		75790F491E607C420064C575 /* Debug */ = {
			isa = XCBuildConfiguration;
			baseConfigurationReference = 9BBB29F1940B951F4817FD77 /* Pods-desafio-iosTests.debug.xcconfig */;
			buildSettings = {
				ALWAYS_EMBED_SWIFT_STANDARD_LIBRARIES = YES;
				BUNDLE_LOADER = "$(TEST_HOST)";
				DEVELOPMENT_TEAM = X9MK4PBNUW;
				INFOPLIST_FILE = "desafio-iosTests/Info.plist";
				LD_RUNPATH_SEARCH_PATHS = "$(inherited) @executable_path/Frameworks @loader_path/Frameworks";
				PRODUCT_BUNDLE_IDENTIFIER = "felipemarino.desafio-iosTests";
				PRODUCT_NAME = "$(TARGET_NAME)";
				SWIFT_VERSION = 3.0;
				TEST_HOST = "$(BUILT_PRODUCTS_DIR)/desafio-ios.app/desafio-ios";
			};
			name = Debug;
		};
		75790F4A1E607C420064C575 /* Release */ = {
			isa = XCBuildConfiguration;
			baseConfigurationReference = 8752F1308229668B079F7748 /* Pods-desafio-iosTests.release.xcconfig */;
			buildSettings = {
				ALWAYS_EMBED_SWIFT_STANDARD_LIBRARIES = YES;
				BUNDLE_LOADER = "$(TEST_HOST)";
				DEVELOPMENT_TEAM = X9MK4PBNUW;
				INFOPLIST_FILE = "desafio-iosTests/Info.plist";
				LD_RUNPATH_SEARCH_PATHS = "$(inherited) @executable_path/Frameworks @loader_path/Frameworks";
				PRODUCT_BUNDLE_IDENTIFIER = "felipemarino.desafio-iosTests";
				PRODUCT_NAME = "$(TARGET_NAME)";
				SWIFT_VERSION = 3.0;
				TEST_HOST = "$(BUILT_PRODUCTS_DIR)/desafio-ios.app/desafio-ios";
			};
			name = Release;
		};
		75790F4C1E607C420064C575 /* Debug */ = {
			isa = XCBuildConfiguration;
			baseConfigurationReference = 36004FF87885B98FF137458B /* Pods-desafio-iosUITests.debug.xcconfig */;
			buildSettings = {
				ALWAYS_EMBED_SWIFT_STANDARD_LIBRARIES = YES;
				DEVELOPMENT_TEAM = X9MK4PBNUW;
				INFOPLIST_FILE = "desafio-iosUITests/Info.plist";
				LD_RUNPATH_SEARCH_PATHS = "$(inherited) @executable_path/Frameworks @loader_path/Frameworks";
				PRODUCT_BUNDLE_IDENTIFIER = "felipemarino.desafio-iosUITests";
				PRODUCT_NAME = "$(TARGET_NAME)";
				SWIFT_VERSION = 3.0;
				TEST_TARGET_NAME = "desafio-ios";
			};
			name = Debug;
		};
		75790F4D1E607C420064C575 /* Release */ = {
			isa = XCBuildConfiguration;
			baseConfigurationReference = 3AA344D6586A5AAE4A873EF1 /* Pods-desafio-iosUITests.release.xcconfig */;
			buildSettings = {
				ALWAYS_EMBED_SWIFT_STANDARD_LIBRARIES = YES;
				DEVELOPMENT_TEAM = X9MK4PBNUW;
				INFOPLIST_FILE = "desafio-iosUITests/Info.plist";
				LD_RUNPATH_SEARCH_PATHS = "$(inherited) @executable_path/Frameworks @loader_path/Frameworks";
				PRODUCT_BUNDLE_IDENTIFIER = "felipemarino.desafio-iosUITests";
				PRODUCT_NAME = "$(TARGET_NAME)";
				SWIFT_VERSION = 3.0;
				TEST_TARGET_NAME = "desafio-ios";
			};
			name = Release;
		};
		D56BE74C1F263935009D716F /* Debug */ = {
			isa = XCBuildConfiguration;
			buildSettings = {
				ALWAYS_EMBED_SWIFT_STANDARD_LIBRARIES = YES;
				ASSETCATALOG_COMPILER_APPICON_NAME = AppIcon;
				DEVELOPMENT_TEAM = X9MK4PBNUW;
				IBSC_MODULE = desafio_ios_watch_Extension;
				INFOPLIST_FILE = "desafio-ios-watch/Info.plist";
				PRODUCT_BUNDLE_IDENTIFIER = "felipemarino.desafio-ios.watchkitapp";
				PRODUCT_NAME = "$(TARGET_NAME)";
				SDKROOT = watchos;
				SKIP_INSTALL = YES;
				SWIFT_VERSION = 3.0;
				TARGETED_DEVICE_FAMILY = 4;
				WATCHOS_DEPLOYMENT_TARGET = 3.1;
			};
			name = Debug;
		};
		D56BE74D1F263935009D716F /* Release */ = {
			isa = XCBuildConfiguration;
			buildSettings = {
				ALWAYS_EMBED_SWIFT_STANDARD_LIBRARIES = YES;
				ASSETCATALOG_COMPILER_APPICON_NAME = AppIcon;
				DEVELOPMENT_TEAM = X9MK4PBNUW;
				IBSC_MODULE = desafio_ios_watch_Extension;
				INFOPLIST_FILE = "desafio-ios-watch/Info.plist";
				PRODUCT_BUNDLE_IDENTIFIER = "felipemarino.desafio-ios.watchkitapp";
				PRODUCT_NAME = "$(TARGET_NAME)";
				SDKROOT = watchos;
				SKIP_INSTALL = YES;
				SWIFT_VERSION = 3.0;
				TARGETED_DEVICE_FAMILY = 4;
				WATCHOS_DEPLOYMENT_TARGET = 3.1;
			};
			name = Release;
		};
		D56BE74E1F263935009D716F /* Debug */ = {
			isa = XCBuildConfiguration;
			buildSettings = {
				ASSETCATALOG_COMPILER_COMPLICATION_NAME = Complication;
				DEVELOPMENT_TEAM = X9MK4PBNUW;
				INFOPLIST_FILE = "desafio-ios-watch Extension/Info.plist";
				LD_RUNPATH_SEARCH_PATHS = "$(inherited) @executable_path/Frameworks @executable_path/../../Frameworks";
				PRODUCT_BUNDLE_IDENTIFIER = "felipemarino.desafio-ios.watchkitapp.watchextension";
				PRODUCT_NAME = "${TARGET_NAME}";
				SDKROOT = watchos;
				SKIP_INSTALL = YES;
				SWIFT_VERSION = 3.0;
				TARGETED_DEVICE_FAMILY = 4;
				WATCHOS_DEPLOYMENT_TARGET = 3.1;
			};
			name = Debug;
		};
		D56BE74F1F263935009D716F /* Release */ = {
			isa = XCBuildConfiguration;
			buildSettings = {
				ASSETCATALOG_COMPILER_COMPLICATION_NAME = Complication;
				DEVELOPMENT_TEAM = X9MK4PBNUW;
				INFOPLIST_FILE = "desafio-ios-watch Extension/Info.plist";
				LD_RUNPATH_SEARCH_PATHS = "$(inherited) @executable_path/Frameworks @executable_path/../../Frameworks";
				PRODUCT_BUNDLE_IDENTIFIER = "felipemarino.desafio-ios.watchkitapp.watchextension";
				PRODUCT_NAME = "${TARGET_NAME}";
				SDKROOT = watchos;
				SKIP_INSTALL = YES;
				SWIFT_VERSION = 3.0;
				TARGETED_DEVICE_FAMILY = 4;
				WATCHOS_DEPLOYMENT_TARGET = 3.1;
			};
			name = Release;
		};
/* End XCBuildConfiguration section */

/* Begin XCConfigurationList section */
		75790F181E607C420064C575 /* Build configuration list for PBXProject "desafio-ios" */ = {
			isa = XCConfigurationList;
			buildConfigurations = (
				75790F431E607C420064C575 /* Debug */,
				75790F441E607C420064C575 /* Release */,
			);
			defaultConfigurationIsVisible = 0;
			defaultConfigurationName = Release;
		};
		75790F451E607C420064C575 /* Build configuration list for PBXNativeTarget "desafio-ios" */ = {
			isa = XCConfigurationList;
			buildConfigurations = (
				75790F461E607C420064C575 /* Debug */,
				75790F471E607C420064C575 /* Release */,
			);
			defaultConfigurationIsVisible = 0;
			defaultConfigurationName = Release;
		};
		75790F481E607C420064C575 /* Build configuration list for PBXNativeTarget "desafio-iosTests" */ = {
			isa = XCConfigurationList;
			buildConfigurations = (
				75790F491E607C420064C575 /* Debug */,
				75790F4A1E607C420064C575 /* Release */,
			);
			defaultConfigurationIsVisible = 0;
			defaultConfigurationName = Release;
		};
		75790F4B1E607C420064C575 /* Build configuration list for PBXNativeTarget "desafio-iosUITests" */ = {
			isa = XCConfigurationList;
			buildConfigurations = (
				75790F4C1E607C420064C575 /* Debug */,
				75790F4D1E607C420064C575 /* Release */,
			);
			defaultConfigurationIsVisible = 0;
			defaultConfigurationName = Release;
		};
		D56BE7501F263935009D716F /* Build configuration list for PBXNativeTarget "desafio-ios-watch Extension" */ = {
			isa = XCConfigurationList;
			buildConfigurations = (
				D56BE74E1F263935009D716F /* Debug */,
				D56BE74F1F263935009D716F /* Release */,
			);
			defaultConfigurationIsVisible = 0;
			defaultConfigurationName = Release;
		};
		D56BE7521F263935009D716F /* Build configuration list for PBXNativeTarget "desafio-ios-watch" */ = {
			isa = XCConfigurationList;
			buildConfigurations = (
				D56BE74C1F263935009D716F /* Debug */,
				D56BE74D1F263935009D716F /* Release */,
			);
			defaultConfigurationIsVisible = 0;
			defaultConfigurationName = Release;
		};
/* End XCConfigurationList section */
	};
	rootObject = 75790F151E607C420064C575 /* Project object */;
}
